
Microsoft Visual Studio Solution File, Format Version 12.00
# Visual Studio Version 16
VisualStudioVersion = 16.0.31424.327
MinimumVisualStudioVersion = 10.0.40219.1
Project("{FAE04EC0-301F-11D3-BF4B-00C04F79EFBC}") = "AppBank", "AppBank\AppBank.csproj", "{07F219EE-E9CE-49F7-8FAE-7D972485BFB9}"
EndProject
Global
	GlobalSection(SolutionConfigurationPlatforms) = preSolution
		Debug|Any CPU = Debug|Any CPU
		Release|Any CPU = Release|Any CPU
	EndGlobalSection
	GlobalSection(ProjectConfigurationPlatforms) = postSolution
		{07F219EE-E9CE-49F7-8FAE-7D972485BFB9}.Debug|Any CPU.ActiveCfg = Debug|Any CPU
		{07F219EE-E9CE-49F7-8FAE-7D972485BFB9}.Debug|Any CPU.Build.0 = Debug|Any CPU
		{07F219EE-E9CE-49F7-8FAE-7D972485BFB9}.Release|Any CPU.ActiveCfg = Release|Any CPU
		{07F219EE-E9CE-49F7-8FAE-7D972485BFB9}.Release|Any CPU.Build.0 = Release|Any CPU
	EndGlobalSection
	GlobalSection(SolutionProperties) = preSolution
		HideSolutionNode = FALSE
	EndGlobalSection
	GlobalSection(ExtensibilityGlobals) = postSolution
		SolutionGuid = {C33E2792-E941-49C2-9C62-9AE96A8F5490}
	EndGlobalSection
EndGlobal
